PODS:
  - MMKV (1.2.9):
    - MMKVCore (~> 1.2.9)
  - MMKVCore (1.2.9)

DEPENDENCIES:
  - MMKV

SPEC REPOS:
  trunk:
    - MMKV
    - MMKVCore

SPEC CHECKSUMS:
  MMKV: ce972c7bec17ec7aba068562820b829d4cee100c
  MMKVCore: 27bf04f4376305c9c0187136a7b58a236ee83f9e

PODFILE CHECKSUM: 22f4447d45762ed32c94ba1eda2ca48b2b6f9338

COCOAPODS: 1.10.1
